
Microsoft Visual Studio Solution File, Format Version 12.00
# Visual Studio Version 17
VisualStudioVersion = 17.12.35527.113
MinimumVisualStudioVersion = 10.0.40219.1
Project("{FAE04EC0-301F-11D3-BF4B-00C04F79EFBC}") = "UNOPS.PAO.Server", "UNOPS.PAO.Server\UNOPS.PAO.Server.csproj", "{05A51CE0-73B9-4318-A898-9F65D6BC0B38}"
	ProjectSection(ProjectDependencies) = postProject
		{1D6739FF-2628-4E45-9735-4D3EC1458664} = {1D6739FF-2628-4E45-9735-4D3EC1458664}
		{79A4BA88-EE90-47AE-8306-28E3E3903B46} = {79A4BA88-EE90-47AE-8306-28E3E3903B46}
		{98869F7F-50AE-4FAC-A1B6-1BF69EC9A7F0} = {98869F7F-50AE-4FAC-A1B6-1BF69EC9A7F0}
		{C38AC38B-539A-4AA9-86F2-32EAA7F450E3} = {C38AC38B-539A-4AA9-86F2-32EAA7F450E3}
		{D193635E-ADAF-4FFA-BD7F-D09FF8F11E52} = {D193635E-ADAF-4FFA-BD7F-D09FF8F11E52}
	EndProjectSection
EndProject
Project("{FAE04EC0-301F-11D3-BF4B-00C04F79EFBC}") = "UNOPS.PAO.Business", "UNOPS.PAO.Business\UNOPS.PAO.Business.csproj", "{D193635E-ADAF-4FFA-BD7F-D09FF8F11E52}"
EndProject
Project("{FAE04EC0-301F-11D3-BF4B-00C04F79EFBC}") = "UNOPS.PAO.DataAccess", "UNOPS.PAO.DataAccess\UNOPS.PAO.DataAccess.csproj", "{98869F7F-50AE-4FAC-A1B6-1BF69EC9A7F0}"
EndProject
Project("{FAE04EC0-301F-11D3-BF4B-00C04F79EFBC}") = "UNOPS.PAO.Domain", "UNOPS.PAO.Domain\UNOPS.PAO.Domain.csproj", "{79A4BA88-EE90-47AE-8306-28E3E3903B46}"
EndProject
Project("{FAE04EC0-301F-11D3-BF4B-00C04F79EFBC}") = "UNOPS.PAO.GoogleServices", "UNOPS.PAO.GoogleServices\UNOPS.PAO.GoogleServices.csproj", "{C38AC38B-539A-4AA9-86F2-32EAA7F450E3}"
EndProject
Project("{FAE04EC0-301F-11D3-BF4B-00C04F79EFBC}") = "UNOPS.PAO.Models", "UNOPS.PAO.Models\UNOPS.PAO.Models.csproj", "{D373EF19-5FB6-4BF6-AFA8-94FA5F43EAD7}"
EndProject
Project("{FAE04EC0-301F-11D3-BF4B-00C04F79EFBC}") = "UNOPS.PAO.Utilities", "UNOPS.PAO.Utilities\UNOPS.PAO.Utilities.csproj", "{1D6739FF-2628-4E45-9735-4D3EC1458664}"
EndProject
Project("{FAE04EC0-301F-11D3-BF4B-00C04F79EFBC}") = "UNOPS.PAO.Identity", "UNOPS.PAO.Identity\UNOPS.PAO.Identity.csproj", "{D70E81A2-E4CF-4D0E-B44D-8444FB084EAC}"
EndProject
Project("{2150E333-8FDC-42A3-9474-1A3956D46DE8}") = "Overrides", "Overrides", "{25E1E14F-8C51-42EA-9BE7-6D159A940E8F}"
EndProject
Project("{FAE04EC0-301F-11D3-BF4B-00C04F79EFBC}") = "UNOPS.PAO.UNOPSDomain", "UNOPS.PAO.UNOPSDomain\UNOPS.PAO.UNOPSDomain.csproj", "{3FE7FDBA-8E5D-4574-BC84-6C4B33A8E432}"
EndProject
Project("{FAE04EC0-301F-11D3-BF4B-00C04F79EFBC}") = "UNOPS.PAO.UNOPSIdentity", "UNOPS.PAO.UNOPSIdentity\UNOPS.PAO.UNOPSIdentity.csproj", "{08D88CD4-9156-404C-BC72-67166A8506D8}"
EndProject
Project("{FAE04EC0-301F-11D3-BF4B-00C04F79EFBC}") = "UNOPS.PAO.UNOPSDataAccess", "UNOPS.PAO.UNOPSDataAccess\UNOPS.PAO.UNOPSDataAccess.csproj", "{C9CDB2FD-2B42-436D-8A8E-09CD763D5A89}"
EndProject
Project("{FAE04EC0-301F-11D3-BF4B-00C04F79EFBC}") = "UNOPS.PAO.UNOPSBusiness", "UNOPS.PAO.UNOPSBusiness\UNOPS.PAO.UNOPSBusiness.csproj", "{65F9A6F5-0A1E-46EE-9C3E-9EC2890FA5DB}"
EndProject
Project("{FAE04EC0-301F-11D3-BF4B-00C04F79EFBC}") = "UNOPS.PAO.UNOPSPresentation", "UNOPS.PAO.UNOPSPresentation\UNOPS.PAO.UNOPSPresentation.csproj", "{6D713A80-C696-4902-B87A-962623187D3D}"
EndProject
Project("{FAE04EC0-301F-11D3-BF4B-00C04F79EFBC}") = "UNOPS.PAO.Presentation", "UNOPS.PAO.Presentation\UNOPS.PAO.Presentation.csproj", "{5DFBCBED-87B5-4F60-9F7A-938B66F31F25}"
EndProject
Project("{FAE04EC0-301F-11D3-BF4B-00C04F79EFBC}") = "TestSpecification", "TestSpecification\TestSpecification.csproj", "{94AFCCE2-04DE-4630-9A87-9B191394B9BF}"
EndProject
Project("{FAE04EC0-301F-11D3-BF4B-00C04F79EFBC}") = "UNOPS.PAO.MailSender", "UNOPS.PAO.MailSender\UNOPS.PAO.MailSender.csproj", "{786A682A-2C7D-4E35-BCD8-25F92F5E6CFD}"
EndProject
Global
	GlobalSection(SolutionConfigurationPlatforms) = preSolution
		Debug|Any CPU = Debug|Any CPU
		Debug|x64 = Debug|x64
		Debug|x86 = Debug|x86
		Release|Any CPU = Release|Any CPU
		Release|x64 = Release|x64
		Release|x86 = Release|x86
	EndGlobalSection
	GlobalSection(ProjectConfigurationPlatforms) = postSolution
		{05A51CE0-73B9-4318-A898-9F65D6BC0B38}.Debug|Any CPU.ActiveCfg = Debug|Any CPU
		{05A51CE0-73B9-4318-A898-9F65D6BC0B38}.Debug|Any CPU.Build.0 = Debug|Any CPU
		{05A51CE0-73B9-4318-A898-9F65D6BC0B38}.Debug|x64.ActiveCfg = Debug|Any CPU
		{05A51CE0-73B9-4318-A898-9F65D6BC0B38}.Debug|x64.Build.0 = Debug|Any CPU
		{05A51CE0-73B9-4318-A898-9F65D6BC0B38}.Debug|x86.ActiveCfg = Debug|Any CPU
		{05A51CE0-73B9-4318-A898-9F65D6BC0B38}.Debug|x86.Build.0 = Debug|Any CPU
		{05A51CE0-73B9-4318-A898-9F65D6BC0B38}.Release|Any CPU.ActiveCfg = Release|Any CPU
		{05A51CE0-73B9-4318-A898-9F65D6BC0B38}.Release|Any CPU.Build.0 = Release|Any CPU
		{05A51CE0-73B9-4318-A898-9F65D6BC0B38}.Release|x64.ActiveCfg = Release|Any CPU
		{05A51CE0-73B9-4318-A898-9F65D6BC0B38}.Release|x64.Build.0 = Release|Any CPU
		{05A51CE0-73B9-4318-A898-9F65D6BC0B38}.Release|x86.ActiveCfg = Release|Any CPU
		{05A51CE0-73B9-4318-A898-9F65D6BC0B38}.Release|x86.Build.0 = Release|Any CPU
		{D193635E-ADAF-4FFA-BD7F-D09FF8F11E52}.Debug|Any CPU.ActiveCfg = Debug|Any CPU
		{D193635E-ADAF-4FFA-BD7F-D09FF8F11E52}.Debug|Any CPU.Build.0 = Debug|Any CPU
		{D193635E-ADAF-4FFA-BD7F-D09FF8F11E52}.Debug|x64.ActiveCfg = Debug|Any CPU
		{D193635E-ADAF-4FFA-BD7F-D09FF8F11E52}.Debug|x64.Build.0 = Debug|Any CPU
		{D193635E-ADAF-4FFA-BD7F-D09FF8F11E52}.Debug|x86.ActiveCfg = Debug|Any CPU
		{D193635E-ADAF-4FFA-BD7F-D09FF8F11E52}.Debug|x86.Build.0 = Debug|Any CPU
		{D193635E-ADAF-4FFA-BD7F-D09FF8F11E52}.Release|Any CPU.ActiveCfg = Release|Any CPU
		{D193635E-ADAF-4FFA-BD7F-D09FF8F11E52}.Release|Any CPU.Build.0 = Release|Any CPU
		{D193635E-ADAF-4FFA-BD7F-D09FF8F11E52}.Release|x64.ActiveCfg = Release|Any CPU
		{D193635E-ADAF-4FFA-BD7F-D09FF8F11E52}.Release|x64.Build.0 = Release|Any CPU
		{D193635E-ADAF-4FFA-BD7F-D09FF8F11E52}.Release|x86.ActiveCfg = Release|Any CPU
		{D193635E-ADAF-4FFA-BD7F-D09FF8F11E52}.Release|x86.Build.0 = Release|Any CPU
		{98869F7F-50AE-4FAC-A1B6-1BF69EC9A7F0}.Debug|Any CPU.ActiveCfg = Debug|Any CPU
		{98869F7F-50AE-4FAC-A1B6-1BF69EC9A7F0}.Debug|Any CPU.Build.0 = Debug|Any CPU
		{98869F7F-50AE-4FAC-A1B6-1BF69EC9A7F0}.Debug|x64.ActiveCfg = Debug|Any CPU
		{98869F7F-50AE-4FAC-A1B6-1BF69EC9A7F0}.Debug|x64.Build.0 = Debug|Any CPU
		{98869F7F-50AE-4FAC-A1B6-1BF69EC9A7F0}.Debug|x86.ActiveCfg = Debug|Any CPU
		{98869F7F-50AE-4FAC-A1B6-1BF69EC9A7F0}.Debug|x86.Build.0 = Debug|Any CPU
		{98869F7F-50AE-4FAC-A1B6-1BF69EC9A7F0}.Release|Any CPU.ActiveCfg = Release|Any CPU
		{98869F7F-50AE-4FAC-A1B6-1BF69EC9A7F0}.Release|Any CPU.Build.0 = Release|Any CPU
		{98869F7F-50AE-4FAC-A1B6-1BF69EC9A7F0}.Release|x64.ActiveCfg = Release|Any CPU
		{98869F7F-50AE-4FAC-A1B6-1BF69EC9A7F0}.Release|x64.Build.0 = Release|Any CPU
		{98869F7F-50AE-4FAC-A1B6-1BF69EC9A7F0}.Release|x86.ActiveCfg = Release|Any CPU
		{98869F7F-50AE-4FAC-A1B6-1BF69EC9A7F0}.Release|x86.Build.0 = Release|Any CPU
		{79A4BA88-EE90-47AE-8306-28E3E3903B46}.Debug|Any CPU.ActiveCfg = Debug|Any CPU
		{79A4BA88-EE90-47AE-8306-28E3E3903B46}.Debug|Any CPU.Build.0 = Debug|Any CPU
		{79A4BA88-EE90-47AE-8306-28E3E3903B46}.Debug|x64.ActiveCfg = Debug|Any CPU
		{79A4BA88-EE90-47AE-8306-28E3E3903B46}.Debug|x64.Build.0 = Debug|Any CPU
		{79A4BA88-EE90-47AE-8306-28E3E3903B46}.Debug|x86.ActiveCfg = Debug|Any CPU
		{79A4BA88-EE90-47AE-8306-28E3E3903B46}.Debug|x86.Build.0 = Debug|Any CPU
		{79A4BA88-EE90-47AE-8306-28E3E3903B46}.Release|Any CPU.ActiveCfg = Release|Any CPU
		{79A4BA88-EE90-47AE-8306-28E3E3903B46}.Release|Any CPU.Build.0 = Release|Any CPU
		{79A4BA88-EE90-47AE-8306-28E3E3903B46}.Release|x64.ActiveCfg = Release|Any CPU
		{79A4BA88-EE90-47AE-8306-28E3E3903B46}.Release|x64.Build.0 = Release|Any CPU
		{79A4BA88-EE90-47AE-8306-28E3E3903B46}.Release|x86.ActiveCfg = Release|Any CPU
		{79A4BA88-EE90-47AE-8306-28E3E3903B46}.Release|x86.Build.0 = Release|Any CPU
		{C38AC38B-539A-4AA9-86F2-32EAA7F450E3}.Debug|Any CPU.ActiveCfg = Debug|Any CPU
		{C38AC38B-539A-4AA9-86F2-32EAA7F450E3}.Debug|Any CPU.Build.0 = Debug|Any CPU
		{C38AC38B-539A-4AA9-86F2-32EAA7F450E3}.Debug|x64.ActiveCfg = Debug|Any CPU
		{C38AC38B-539A-4AA9-86F2-32EAA7F450E3}.Debug|x64.Build.0 = Debug|Any CPU
		{C38AC38B-539A-4AA9-86F2-32EAA7F450E3}.Debug|x86.ActiveCfg = Debug|Any CPU
		{C38AC38B-539A-4AA9-86F2-32EAA7F450E3}.Debug|x86.Build.0 = Debug|Any CPU
		{C38AC38B-539A-4AA9-86F2-32EAA7F450E3}.Release|Any CPU.ActiveCfg = Release|Any CPU
		{C38AC38B-539A-4AA9-86F2-32EAA7F450E3}.Release|Any CPU.Build.0 = Release|Any CPU
		{C38AC38B-539A-4AA9-86F2-32EAA7F450E3}.Release|x64.ActiveCfg = Release|Any CPU
		{C38AC38B-539A-4AA9-86F2-32EAA7F450E3}.Release|x64.Build.0 = Release|Any CPU
		{C38AC38B-539A-4AA9-86F2-32EAA7F450E3}.Release|x86.ActiveCfg = Release|Any CPU
		{C38AC38B-539A-4AA9-86F2-32EAA7F450E3}.Release|x86.Build.0 = Release|Any CPU
		{D373EF19-5FB6-4BF6-AFA8-94FA5F43EAD7}.Debug|Any CPU.ActiveCfg = Debug|Any CPU
		{D373EF19-5FB6-4BF6-AFA8-94FA5F43EAD7}.Debug|Any CPU.Build.0 = Debug|Any CPU
		{D373EF19-5FB6-4BF6-AFA8-94FA5F43EAD7}.Debug|x64.ActiveCfg = Debug|Any CPU
		{D373EF19-5FB6-4BF6-AFA8-94FA5F43EAD7}.Debug|x64.Build.0 = Debug|Any CPU
		{D373EF19-5FB6-4BF6-AFA8-94FA5F43EAD7}.Debug|x86.ActiveCfg = Debug|Any CPU
		{D373EF19-5FB6-4BF6-AFA8-94FA5F43EAD7}.Debug|x86.Build.0 = Debug|Any CPU
		{D373EF19-5FB6-4BF6-AFA8-94FA5F43EAD7}.Release|Any CPU.ActiveCfg = Release|Any CPU
		{D373EF19-5FB6-4BF6-AFA8-94FA5F43EAD7}.Release|Any CPU.Build.0 = Release|Any CPU
		{D373EF19-5FB6-4BF6-AFA8-94FA5F43EAD7}.Release|x64.ActiveCfg = Release|Any CPU
		{D373EF19-5FB6-4BF6-AFA8-94FA5F43EAD7}.Release|x64.Build.0 = Release|Any CPU
		{D373EF19-5FB6-4BF6-AFA8-94FA5F43EAD7}.Release|x86.ActiveCfg = Release|Any CPU
		{D373EF19-5FB6-4BF6-AFA8-94FA5F43EAD7}.Release|x86.Build.0 = Release|Any CPU
		{1D6739FF-2628-4E45-9735-4D3EC1458664}.Debug|Any CPU.ActiveCfg = Debug|Any CPU
		{1D6739FF-2628-4E45-9735-4D3EC1458664}.Debug|Any CPU.Build.0 = Debug|Any CPU
		{1D6739FF-2628-4E45-9735-4D3EC1458664}.Debug|x64.ActiveCfg = Debug|Any CPU
		{1D6739FF-2628-4E45-9735-4D3EC1458664}.Debug|x64.Build.0 = Debug|Any CPU
		{1D6739FF-2628-4E45-9735-4D3EC1458664}.Debug|x86.ActiveCfg = Debug|Any CPU
		{1D6739FF-2628-4E45-9735-4D3EC1458664}.Debug|x86.Build.0 = Debug|Any CPU
		{1D6739FF-2628-4E45-9735-4D3EC1458664}.Release|Any CPU.ActiveCfg = Release|Any CPU
		{1D6739FF-2628-4E45-9735-4D3EC1458664}.Release|Any CPU.Build.0 = Release|Any CPU
		{1D6739FF-2628-4E45-9735-4D3EC1458664}.Release|x64.ActiveCfg = Release|Any CPU
		{1D6739FF-2628-4E45-9735-4D3EC1458664}.Release|x64.Build.0 = Release|Any CPU
		{1D6739FF-2628-4E45-9735-4D3EC1458664}.Release|x86.ActiveCfg = Release|Any CPU
		{1D6739FF-2628-4E45-9735-4D3EC1458664}.Release|x86.Build.0 = Release|Any CPU
		{D70E81A2-E4CF-4D0E-B44D-8444FB084EAC}.Debug|Any CPU.ActiveCfg = Debug|Any CPU
		{D70E81A2-E4CF-4D0E-B44D-8444FB084EAC}.Debug|Any CPU.Build.0 = Debug|Any CPU
		{D70E81A2-E4CF-4D0E-B44D-8444FB084EAC}.Debug|x64.ActiveCfg = Debug|Any CPU
		{D70E81A2-E4CF-4D0E-B44D-8444FB084EAC}.Debug|x64.Build.0 = Debug|Any CPU
		{D70E81A2-E4CF-4D0E-B44D-8444FB084EAC}.Debug|x86.ActiveCfg = Debug|Any CPU
		{D70E81A2-E4CF-4D0E-B44D-8444FB084EAC}.Debug|x86.Build.0 = Debug|Any CPU
		{D70E81A2-E4CF-4D0E-B44D-8444FB084EAC}.Release|Any CPU.ActiveCfg = Release|Any CPU
		{D70E81A2-E4CF-4D0E-B44D-8444FB084EAC}.Release|Any CPU.Build.0 = Release|Any CPU
		{D70E81A2-E4CF-4D0E-B44D-8444FB084EAC}.Release|x64.ActiveCfg = Release|Any CPU
		{D70E81A2-E4CF-4D0E-B44D-8444FB084EAC}.Release|x64.Build.0 = Release|Any CPU
		{D70E81A2-E4CF-4D0E-B44D-8444FB084EAC}.Release|x86.ActiveCfg = Release|Any CPU
		{D70E81A2-E4CF-4D0E-B44D-8444FB084EAC}.Release|x86.Build.0 = Release|Any CPU
		{3FE7FDBA-8E5D-4574-BC84-6C4B33A8E432}.Debug|Any CPU.ActiveCfg = Debug|Any CPU
		{3FE7FDBA-8E5D-4574-BC84-6C4B33A8E432}.Debug|Any CPU.Build.0 = Debug|Any CPU
		{3FE7FDBA-8E5D-4574-BC84-6C4B33A8E432}.Debug|x64.ActiveCfg = Debug|Any CPU
		{3FE7FDBA-8E5D-4574-BC84-6C4B33A8E432}.Debug|x64.Build.0 = Debug|Any CPU
		{3FE7FDBA-8E5D-4574-BC84-6C4B33A8E432}.Debug|x86.ActiveCfg = Debug|Any CPU
		{3FE7FDBA-8E5D-4574-BC84-6C4B33A8E432}.Debug|x86.Build.0 = Debug|Any CPU
		{3FE7FDBA-8E5D-4574-BC84-6C4B33A8E432}.Release|Any CPU.ActiveCfg = Release|Any CPU
		{3FE7FDBA-8E5D-4574-BC84-6C4B33A8E432}.Release|Any CPU.Build.0 = Release|Any CPU
		{3FE7FDBA-8E5D-4574-BC84-6C4B33A8E432}.Release|x64.ActiveCfg = Release|Any CPU
		{3FE7FDBA-8E5D-4574-BC84-6C4B33A8E432}.Release|x64.Build.0 = Release|Any CPU
		{3FE7FDBA-8E5D-4574-BC84-6C4B33A8E432}.Release|x86.ActiveCfg = Release|Any CPU
		{3FE7FDBA-8E5D-4574-BC84-6C4B33A8E432}.Release|x86.Build.0 = Release|Any CPU
		{08D88CD4-9156-404C-BC72-67166A8506D8}.Debug|Any CPU.ActiveCfg = Debug|Any CPU
		{08D88CD4-9156-404C-BC72-67166A8506D8}.Debug|Any CPU.Build.0 = Debug|Any CPU
		{08D88CD4-9156-404C-BC72-67166A8506D8}.Debug|x64.ActiveCfg = Debug|Any CPU
		{08D88CD4-9156-404C-BC72-67166A8506D8}.Debug|x64.Build.0 = Debug|Any CPU
		{08D88CD4-9156-404C-BC72-67166A8506D8}.Debug|x86.ActiveCfg = Debug|Any CPU
		{08D88CD4-9156-404C-BC72-67166A8506D8}.Debug|x86.Build.0 = Debug|Any CPU
		{08D88CD4-9156-404C-BC72-67166A8506D8}.Release|Any CPU.ActiveCfg = Release|Any CPU
		{08D88CD4-9156-404C-BC72-67166A8506D8}.Release|Any CPU.Build.0 = Release|Any CPU
		{08D88CD4-9156-404C-BC72-67166A8506D8}.Release|x64.ActiveCfg = Release|Any CPU
		{08D88CD4-9156-404C-BC72-67166A8506D8}.Release|x64.Build.0 = Release|Any CPU
		{08D88CD4-9156-404C-BC72-67166A8506D8}.Release|x86.ActiveCfg = Release|Any CPU
		{08D88CD4-9156-404C-BC72-67166A8506D8}.Release|x86.Build.0 = Release|Any CPU
		{C9CDB2FD-2B42-436D-8A8E-09CD763D5A89}.Debug|Any CPU.ActiveCfg = Debug|Any CPU
		{C9CDB2FD-2B42-436D-8A8E-09CD763D5A89}.Debug|Any CPU.Build.0 = Debug|Any CPU
		{C9CDB2FD-2B42-436D-8A8E-09CD763D5A89}.Debug|x64.ActiveCfg = Debug|Any CPU
		{C9CDB2FD-2B42-436D-8A8E-09CD763D5A89}.Debug|x64.Build.0 = Debug|Any CPU
		{C9CDB2FD-2B42-436D-8A8E-09CD763D5A89}.Debug|x86.ActiveCfg = Debug|Any CPU
		{C9CDB2FD-2B42-436D-8A8E-09CD763D5A89}.Debug|x86.Build.0 = Debug|Any CPU
		{C9CDB2FD-2B42-436D-8A8E-09CD763D5A89}.Release|Any CPU.ActiveCfg = Release|Any CPU
		{C9CDB2FD-2B42-436D-8A8E-09CD763D5A89}.Release|Any CPU.Build.0 = Release|Any CPU
		{C9CDB2FD-2B42-436D-8A8E-09CD763D5A89}.Release|x64.ActiveCfg = Release|Any CPU
		{C9CDB2FD-2B42-436D-8A8E-09CD763D5A89}.Release|x64.Build.0 = Release|Any CPU
		{C9CDB2FD-2B42-436D-8A8E-09CD763D5A89}.Release|x86.ActiveCfg = Release|Any CPU
		{C9CDB2FD-2B42-436D-8A8E-09CD763D5A89}.Release|x86.Build.0 = Release|Any CPU
		{65F9A6F5-0A1E-46EE-9C3E-9EC2890FA5DB}.Debug|Any CPU.ActiveCfg = Debug|Any CPU
		{65F9A6F5-0A1E-46EE-9C3E-9EC2890FA5DB}.Debug|Any CPU.Build.0 = Debug|Any CPU
		{65F9A6F5-0A1E-46EE-9C3E-9EC2890FA5DB}.Debug|x64.ActiveCfg = Debug|Any CPU
		{65F9A6F5-0A1E-46EE-9C3E-9EC2890FA5DB}.Debug|x64.Build.0 = Debug|Any CPU
		{65F9A6F5-0A1E-46EE-9C3E-9EC2890FA5DB}.Debug|x86.ActiveCfg = Debug|Any CPU
		{65F9A6F5-0A1E-46EE-9C3E-9EC2890FA5DB}.Debug|x86.Build.0 = Debug|Any CPU
		{65F9A6F5-0A1E-46EE-9C3E-9EC2890FA5DB}.Release|Any CPU.ActiveCfg = Release|Any CPU
		{65F9A6F5-0A1E-46EE-9C3E-9EC2890FA5DB}.Release|Any CPU.Build.0 = Release|Any CPU
		{65F9A6F5-0A1E-46EE-9C3E-9EC2890FA5DB}.Release|x64.ActiveCfg = Release|Any CPU
		{65F9A6F5-0A1E-46EE-9C3E-9EC2890FA5DB}.Release|x64.Build.0 = Release|Any CPU
		{65F9A6F5-0A1E-46EE-9C3E-9EC2890FA5DB}.Release|x86.ActiveCfg = Release|Any CPU
		{65F9A6F5-0A1E-46EE-9C3E-9EC2890FA5DB}.Release|x86.Build.0 = Release|Any CPU
		{6D713A80-C696-4902-B87A-962623187D3D}.Debug|Any CPU.ActiveCfg = Debug|Any CPU
		{6D713A80-C696-4902-B87A-962623187D3D}.Debug|Any CPU.Build.0 = Debug|Any CPU
		{6D713A80-C696-4902-B87A-962623187D3D}.Debug|x64.ActiveCfg = Debug|Any CPU
		{6D713A80-C696-4902-B87A-962623187D3D}.Debug|x64.Build.0 = Debug|Any CPU
		{6D713A80-C696-4902-B87A-962623187D3D}.Debug|x86.ActiveCfg = Debug|Any CPU
		{6D713A80-C696-4902-B87A-962623187D3D}.Debug|x86.Build.0 = Debug|Any CPU
		{6D713A80-C696-4902-B87A-962623187D3D}.Release|Any CPU.ActiveCfg = Release|Any CPU
		{6D713A80-C696-4902-B87A-962623187D3D}.Release|Any CPU.Build.0 = Release|Any CPU
		{6D713A80-C696-4902-B87A-962623187D3D}.Release|x64.ActiveCfg = Release|Any CPU
		{6D713A80-C696-4902-B87A-962623187D3D}.Release|x64.Build.0 = Release|Any CPU
		{6D713A80-C696-4902-B87A-962623187D3D}.Release|x86.ActiveCfg = Release|Any CPU
		{6D713A80-C696-4902-B87A-962623187D3D}.Release|x86.Build.0 = Release|Any CPU
		{5DFBCBED-87B5-4F60-9F7A-938B66F31F25}.Debug|Any CPU.ActiveCfg = Debug|Any CPU
		{5DFBCBED-87B5-4F60-9F7A-938B66F31F25}.Debug|Any CPU.Build.0 = Debug|Any CPU
		{5DFBCBED-87B5-4F60-9F7A-938B66F31F25}.Debug|x64.ActiveCfg = Debug|Any CPU
		{5DFBCBED-87B5-4F60-9F7A-938B66F31F25}.Debug|x64.Build.0 = Debug|Any CPU
		{5DFBCBED-87B5-4F60-9F7A-938B66F31F25}.Debug|x86.ActiveCfg = Debug|Any CPU
		{5DFBCBED-87B5-4F60-9F7A-938B66F31F25}.Debug|x86.Build.0 = Debug|Any CPU
		{5DFBCBED-87B5-4F60-9F7A-938B66F31F25}.Release|Any CPU.ActiveCfg = Release|Any CPU
		{5DFBCBED-87B5-4F60-9F7A-938B66F31F25}.Release|Any CPU.Build.0 = Release|Any CPU
		{5DFBCBED-87B5-4F60-9F7A-938B66F31F25}.Release|x64.ActiveCfg = Release|Any CPU
		{5DFBCBED-87B5-4F60-9F7A-938B66F31F25}.Release|x64.Build.0 = Release|Any CPU
		{5DFBCBED-87B5-4F60-9F7A-938B66F31F25}.Release|x86.ActiveCfg = Release|Any CPU
		{5DFBCBED-87B5-4F60-9F7A-938B66F31F25}.Release|x86.Build.0 = Release|Any CPU
		{94AFCCE2-04DE-4630-9A87-9B191394B9BF}.Debug|Any CPU.ActiveCfg = Debug|Any CPU
		{94AFCCE2-04DE-4630-9A87-9B191394B9BF}.Debug|Any CPU.Build.0 = Debug|Any CPU
		{94AFCCE2-04DE-4630-9A87-9B191394B9BF}.Debug|x64.ActiveCfg = Debug|Any CPU
		{94AFCCE2-04DE-4630-9A87-9B191394B9BF}.Debug|x64.Build.0 = Debug|Any CPU
		{94AFCCE2-04DE-4630-9A87-9B191394B9BF}.Debug|x86.ActiveCfg = Debug|Any CPU
		{94AFCCE2-04DE-4630-9A87-9B191394B9BF}.Debug|x86.Build.0 = Debug|Any CPU
		{94AFCCE2-04DE-4630-9A87-9B191394B9BF}.Release|Any CPU.ActiveCfg = Release|Any CPU
		{94AFCCE2-04DE-4630-9A87-9B191394B9BF}.Release|Any CPU.Build.0 = Release|Any CPU
		{94AFCCE2-04DE-4630-9A87-9B191394B9BF}.Release|x64.ActiveCfg = Release|Any CPU
		{94AFCCE2-04DE-4630-9A87-9B191394B9BF}.Release|x64.Build.0 = Release|Any CPU
		{94AFCCE2-04DE-4630-9A87-9B191394B9BF}.Release|x86.ActiveCfg = Release|Any CPU
		{94AFCCE2-04DE-4630-9A87-9B191394B9BF}.Release|x86.Build.0 = Release|Any CPU
		{786A682A-2C7D-4E35-BCD8-25F92F5E6CFD}.Debug|Any CPU.ActiveCfg = Debug|Any CPU
		{786A682A-2C7D-4E35-BCD8-25F92F5E6CFD}.Debug|Any CPU.Build.0 = Debug|Any CPU
		{786A682A-2C7D-4E35-BCD8-25F92F5E6CFD}.Debug|x64.ActiveCfg = Debug|Any CPU
		{786A682A-2C7D-4E35-BCD8-25F92F5E6CFD}.Debug|x64.Build.0 = Debug|Any CPU
		{786A682A-2C7D-4E35-BCD8-25F92F5E6CFD}.Debug|x86.ActiveCfg = Debug|Any CPU
		{786A682A-2C7D-4E35-BCD8-25F92F5E6CFD}.Debug|x86.Build.0 = Debug|Any CPU
		{786A682A-2C7D-4E35-BCD8-25F92F5E6CFD}.Release|Any CPU.ActiveCfg = Release|Any CPU
		{786A682A-2C7D-4E35-BCD8-25F92F5E6CFD}.Release|Any CPU.Build.0 = Release|Any CPU
		{786A682A-2C7D-4E35-BCD8-25F92F5E6CFD}.Release|x64.ActiveCfg = Release|Any CPU
		{786A682A-2C7D-4E35-BCD8-25F92F5E6CFD}.Release|x64.Build.0 = Release|Any CPU
		{786A682A-2C7D-4E35-BCD8-25F92F5E6CFD}.Release|x86.ActiveCfg = Release|Any CPU
		{786A682A-2C7D-4E35-BCD8-25F92F5E6CFD}.Release|x86.Build.0 = Release|Any CPU
	EndGlobalSection
	GlobalSection(SolutionProperties) = preSolution
		HideSolutionNode = FALSE
	EndGlobalSection
	GlobalSection(NestedProjects) = preSolution
		{3FE7FDBA-8E5D-4574-BC84-6C4B33A8E432} = {25E1E14F-8C51-42EA-9BE7-6D159A940E8F}
		{08D88CD4-9156-404C-BC72-67166A8506D8} = {25E1E14F-8C51-42EA-9BE7-6D159A940E8F}
		{C9CDB2FD-2B42-436D-8A8E-09CD763D5A89} = {25E1E14F-8C51-42EA-9BE7-6D159A940E8F}
		{65F9A6F5-0A1E-46EE-9C3E-9EC2890FA5DB} = {25E1E14F-8C51-42EA-9BE7-6D159A940E8F}
		{6D713A80-C696-4902-B87A-962623187D3D} = {25E1E14F-8C51-42EA-9BE7-6D159A940E8F}
	EndGlobalSection
EndGlobal
